{
  "requires": true,
  "lockfileVersion": 1,
  "dependencies": {
    "collect.js": {
      "version": "4.0.22",
      "resolved": "https://registry.npmjs.org/collect.js/-/collect.js-4.0.22.tgz",
      "integrity": "sha512-DoNO2+/4FL8s6MVuecTMT17tQ7PRGZBBH0k6CBIeV6MvRM/acrdpnURzrPtaSz6lLLC1lCOC/piI04Pw1GWVSQ=="
    }
  }
}
